
Microsoft Visual Studio Solution File, Format Version 12.00
# Visual Studio Version 16
VisualStudioVersion = 16.0.29424.173
MinimumVisualStudioVersion = 10.0.40219.1
Project("{888888A0-9F3D-457C-B088-3A5042F75D52}") = "Trading", "Trading.pyproj", "{E5B4C5A9-BCD8-404F-AC6F-EE2979D424BC}"
EndProject
Global
	GlobalSection(SolutionConfigurationPlatforms) = preSolution
		Debug|Any CPU = Debug|Any CPU
		Release|Any CPU = Release|Any CPU
	EndGlobalSection
	GlobalSection(ProjectConfigurationPlatforms) = postSolution
		{E5B4C5A9-BCD8-404F-AC6F-EE2979D424BC}.Debug|Any CPU.ActiveCfg = Debug|Any CPU
		{E5B4C5A9-BCD8-404F-AC6F-EE2979D424BC}.Release|Any CPU.ActiveCfg = Release|Any CPU
	EndGlobalSection
	GlobalSection(SolutionProperties) = preSolution
		HideSolutionNode = FALSE
	EndGlobalSection
	GlobalSection(ExtensibilityGlobals) = postSolution
		SolutionGuid = {CF12660C-7526-4E39-B5B2-6ECBF8E0B259}
	EndGlobalSection
EndGlobal
